
Microsoft Visual Studio Solution File, Format Version 12.00
Project("{FAE04EC0-301F-11D3-BF4B-00C04F79EFBC}") = "PofCIS_Team2", "PofCIS_Team2\PofCIS_Team2.csproj", "{106B7023-2F01-49D9-8B43-885ED83C8758}"
EndProject
Global
	GlobalSection(SolutionConfigurationPlatforms) = preSolution
		Debug|Any CPU = Debug|Any CPU
		Release|Any CPU = Release|Any CPU
	EndGlobalSection
	GlobalSection(ProjectConfigurationPlatforms) = postSolution
		{106B7023-2F01-49D9-8B43-885ED83C8758}.Debug|Any CPU.ActiveCfg = Debug|Any CPU
		{106B7023-2F01-49D9-8B43-885ED83C8758}.Debug|Any CPU.Build.0 = Debug|Any CPU
		{106B7023-2F01-49D9-8B43-885ED83C8758}.Release|Any CPU.ActiveCfg = Release|Any CPU
		{106B7023-2F01-49D9-8B43-885ED83C8758}.Release|Any CPU.Build.0 = Release|Any CPU
	EndGlobalSection
EndGlobal
